
Microsoft Visual Studio Solution File, Format Version 12.00
# Visual Studio 15
VisualStudioVersion = 15.0.27130.2027
MinimumVisualStudioVersion = 10.0.40219.1
Project("{9A19103F-16F7-4668-BE54-9A1E7A4F7556}") = "Bambora.NA.SDK", "BamboraSDK\Bambora.NA.SDK.csproj", "{9CC3E0ED-0C59-48B4-B81C-E9ABA5A18FC8}"
EndProject
Project("{9A19103F-16F7-4668-BE54-9A1E7A4F7556}") = "Bambora.NA.SDK.Tests", "BamboraSDK.Tests\Bambora.NA.SDK.Tests.csproj", "{B17E8757-97A6-436C-9F4F-FF6D0936BAE1}"
EndProject
Global
	GlobalSection(SolutionConfigurationPlatforms) = preSolution
		Debug|Any CPU = Debug|Any CPU
		Release|Any CPU = Release|Any CPU
	EndGlobalSection
	GlobalSection(ProjectConfigurationPlatforms) = postSolution
		{9CC3E0ED-0C59-48B4-B81C-E9ABA5A18FC8}.Debug|Any CPU.ActiveCfg = Debug|Any CPU
		{9CC3E0ED-0C59-48B4-B81C-E9ABA5A18FC8}.Debug|Any CPU.Build.0 = Debug|Any CPU
		{9CC3E0ED-0C59-48B4-B81C-E9ABA5A18FC8}.Release|Any CPU.ActiveCfg = Release|Any CPU
		{9CC3E0ED-0C59-48B4-B81C-E9ABA5A18FC8}.Release|Any CPU.Build.0 = Release|Any CPU
		{B17E8757-97A6-436C-9F4F-FF6D0936BAE1}.Debug|Any CPU.ActiveCfg = Debug|Any CPU
		{B17E8757-97A6-436C-9F4F-FF6D0936BAE1}.Debug|Any CPU.Build.0 = Debug|Any CPU
		{B17E8757-97A6-436C-9F4F-FF6D0936BAE1}.Release|Any CPU.ActiveCfg = Release|Any CPU
		{B17E8757-97A6-436C-9F4F-FF6D0936BAE1}.Release|Any CPU.Build.0 = Release|Any CPU
	EndGlobalSection
	GlobalSection(SolutionProperties) = preSolution
		HideSolutionNode = FALSE
	EndGlobalSection
	GlobalSection(ExtensibilityGlobals) = postSolution
		SolutionGuid = {6586FD86-92B1-4A33-8AB8-3B03311B3081}
	EndGlobalSection
EndGlobal
