
Microsoft Visual Studio Solution File, Format Version 11.00
# Visual Studio 2010
Project("{FAE04EC0-301F-11D3-BF4B-00C04F79EFBC}") = "Beanstream", "Beanstream\Beanstream.csproj", "{B219AA1C-22FA-4161-AC6A-492A5A05D37E}"
EndProject
Project("{FAE04EC0-301F-11D3-BF4B-00C04F79EFBC}") = "Beanstream.Tests", "Beanstream.Tests\Beanstream.Tests.csproj", "{47B3D61F-14C2-477B-AFAF-900B1F6EDA53}"
EndProject
Global
	GlobalSection(SolutionConfigurationPlatforms) = preSolution
		Debug|Any CPU = Debug|Any CPU
		Release|Any CPU = Release|Any CPU
	EndGlobalSection
	GlobalSection(ProjectConfigurationPlatforms) = postSolution
		{47B3D61F-14C2-477B-AFAF-900B1F6EDA53}.Debug|Any CPU.ActiveCfg = Debug|Any CPU
		{47B3D61F-14C2-477B-AFAF-900B1F6EDA53}.Debug|Any CPU.Build.0 = Debug|Any CPU
		{47B3D61F-14C2-477B-AFAF-900B1F6EDA53}.Release|Any CPU.ActiveCfg = Release|Any CPU
		{47B3D61F-14C2-477B-AFAF-900B1F6EDA53}.Release|Any CPU.Build.0 = Release|Any CPU
		{B219AA1C-22FA-4161-AC6A-492A5A05D37E}.Debug|Any CPU.ActiveCfg = Debug|Any CPU
		{B219AA1C-22FA-4161-AC6A-492A5A05D37E}.Debug|Any CPU.Build.0 = Debug|Any CPU
		{B219AA1C-22FA-4161-AC6A-492A5A05D37E}.Release|Any CPU.ActiveCfg = Release|Any CPU
		{B219AA1C-22FA-4161-AC6A-492A5A05D37E}.Release|Any CPU.Build.0 = Release|Any CPU
	EndGlobalSection
	GlobalSection(MonoDevelopProperties) = preSolution
		StartupItem = Beanstream\Beanstream.csproj
	EndGlobalSection
	GlobalSection(SolutionProperties) = preSolution
		HideSolutionNode = FALSE
	EndGlobalSection
EndGlobal
